Microsoft Visual Studio Solution File, Format Version 12.00
# Visual Studio Version 18
VisualStudioVersion = 18.7.11925.98 stable
MinimumVisualStudioVersion = 10.0.40219.1
Project("{FAE04EC0-301F-11D3-BF4B-00C04F79EFBC}") = "XcavateProfileApi", "src\XcavateProfileApi\XcavateProfileApi.csproj", "{8E3D5F2A-9C1B-4A5E-8F2D-1A3B5C6D7E8F}"
EndProject
Project("{FAE04EC0-301F-11D3-BF4B-00C04F79EFBC}") = "XcavateProfileApiClient", "src\XcavateProfileApiClient\XcavateProfileApiClient.csproj", "{486A1B7A-4188-4901-882F-C5B96C0975D5}"
EndProject
Project("{FAE04EC0-301F-11D3-BF4B-00C04F79EFBC}") = "XcavateProfile.ApiTests", "tests\XcavateProfile.ApiTests\XcavateProfile.ApiTests.csproj", "{DE01D35E-6042-4B88-B79E-F7E961CFA969}"
EndProject
Project("{2150E333-8FDC-42A3-9474-1A3956D46DE8}") = "Solution Items", "Solution Items", "{A7534C87-6B08-489A-A112-17D266E1C072}"
	ProjectSection(SolutionItems) = preProject
		.editorconfig = .editorconfig
	EndProjectSection
EndProject
Global
	GlobalSection(SolutionConfigurationPlatforms) = preSolution
		Debug|Any CPU = Debug|Any CPU
		Release|Any CPU = Release|Any CPU
	EndGlobalSection
	GlobalSection(ProjectConfigurationPlatforms) = postSolution
		{8E3D5F2A-9C1B-4A5E-8F2D-1A3B5C6D7E8F}.Debug|Any CPU.ActiveCfg = Debug|Any CPU
		{8E3D5F2A-9C1B-4A5E-8F2D-1A3B5C6D7E8F}.Debug|Any CPU.Build.0 = Debug|Any CPU
		{8E3D5F2A-9C1B-4A5E-8F2D-1A3B5C6D7E8F}.Release|Any CPU.ActiveCfg = Release|Any CPU
		{8E3D5F2A-9C1B-4A5E-8F2D-1A3B5C6D7E8F}.Release|Any CPU.Build.0 = Release|Any CPU
		{486A1B7A-4188-4901-882F-C5B96C0975D5}.Debug|Any CPU.ActiveCfg = Debug|Any CPU
		{486A1B7A-4188-4901-882F-C5B96C0975D5}.Debug|Any CPU.Build.0 = Debug|Any CPU
		{486A1B7A-4188-4901-882F-C5B96C0975D5}.Release|Any CPU.ActiveCfg = Release|Any CPU
		{486A1B7A-4188-4901-882F-C5B96C0975D5}.Release|Any CPU.Build.0 = Release|Any CPU
		{DE01D35E-6042-4B88-B79E-F7E961CFA969}.Debug|Any CPU.ActiveCfg = Debug|Any CPU
		{DE01D35E-6042-4B88-B79E-F7E961CFA969}.Debug|Any CPU.Build.0 = Debug|Any CPU
		{DE01D35E-6042-4B88-B79E-F7E961CFA969}.Release|Any CPU.ActiveCfg = Release|Any CPU
		{DE01D35E-6042-4B88-B79E-F7E961CFA969}.Release|Any CPU.Build.0 = Release|Any CPU
	EndGlobalSection
	GlobalSection(SolutionProperties) = preSolution
		HideSolutionNode = FALSE
	EndGlobalSection
	GlobalSection(ExtensibilityGlobals) = postSolution
		SolutionGuid = {41EF8BAC-FD28-42DE-826B-99A089C5289E}
	EndGlobalSection
EndGlobal
